Microsoft Visual Studio Solution File, Format Version 12.00
# Visual Studio Version 17
VisualStudioVersion = 17.5.2.0
MinimumVisualStudioVersion = 10.0.40219.1
Project("{FAE04EC0-301F-11D3-BF4B-00C04F79EFBC}") = "MeteoApp-Maui", "MeteoApp-Maui.csproj", "{10AD9176-1750-D186-8D6A-32833174601A}"
EndProject
Global
	GlobalSection(SolutionConfigurationPlatforms) = preSolution
		Debug|Any CPU = Debug|Any CPU
		Release|Any CPU = Release|Any CPU
	EndGlobalSection
	GlobalSection(ProjectConfigurationPlatforms) = postSolution
		{10AD9176-1750-D186-8D6A-32833174601A}.Debug|Any CPU.ActiveCfg = Debug|Any CPU
		{10AD9176-1750-D186-8D6A-32833174601A}.Debug|Any CPU.Build.0 = Debug|Any CPU
		{10AD9176-1750-D186-8D6A-32833174601A}.Release|Any CPU.ActiveCfg = Release|Any CPU
		{10AD9176-1750-D186-8D6A-32833174601A}.Release|Any CPU.Build.0 = Release|Any CPU
	EndGlobalSection
	GlobalSection(SolutionProperties) = preSolution
		HideSolutionNode = FALSE
	EndGlobalSection
	GlobalSection(ExtensibilityGlobals) = postSolution
		SolutionGuid = {570092CD-3CCB-4A79-9C04-2D43B993D3E4}
	EndGlobalSection
EndGlobal
